// !$*UTF8*$!
{
	archiveVersion = 1;
	classes = {
	};
	objectVersion = 46;
	objects = {

/* Begin PBXBuildFile section */
		4986C461A887D60D79433BBB /* tcp_module.cc in Sources */ = {isa = PBXBuildFile; fileRef = 4986CB7799CEDC3885C7E40C /* tcp_module.cc */; };
		4986CBB23DECF69D50188B91 /* tcp_mod.cc in Sources */ = {isa = PBXBuildFile; fileRef = 4986CDE01D4D999ACEE5C9D0 /* tcp_mod.cc */; };
/* End PBXBuildFile section */

/* Begin PBXCopyFilesBuildPhase section */
		4986CA5C710DB146300447CF /* CopyFiles */ = {
			isa = PBXCopyFilesBuildPhase;
			buildActionMask = 2147483647;
			dstPath = /usr/share/man/man1/;
			dstSubfolderSpec = 0;
			files = (
			);
			runOnlyForDeploymentPostprocessing = 1;
		};
/* End PBXCopyFilesBuildPhase section */

/* Begin PBXFileReference section */
		4986CB7799CEDC3885C7E40C /* tcp_module.cc */ = {isa = PBXFileReference; lastKnownFileType = sourcecode.cpp.cpp; path = tcp_module.cc; sourceTree = "<group>"; };
		4986CDB5881AD14E85F37E0D /* TCP_1 */ = {isa = PBXFileReference; explicitFileType = "compiled.mach-o.executable"; includeInIndex = 0; path = TCP_1; sourceTree = BUILT_PRODUCTS_DIR; };
		4986CDE01D4D999ACEE5C9D0 /* tcp_mod.cc */ = {isa = PBXFileReference; fileEncoding = 4; lastKnownFileType = sourcecode.cpp.cpp; path = tcp_mod.cc; sourceTree = "<group>"; };
/* End PBXFileReference section */

/* Begin PBXFrameworksBuildPhase section */
		4986C11921B7F7DD5473C829 /* Frameworks */ = {
			isa = PBXFrameworksBuildPhase;
			buildActionMask = 2147483647;
			files = (
			);
			runOnlyForDeploymentPostprocessing = 0;
		};
/* End PBXFrameworksBuildPhase section */

/* Begin PBXGroup section */
		4986C50D0B0A73BA9E0DD919 = {
			isa = PBXGroup;
			children = (
				4986CAE6A310F2EEA6AB0145 /* Products */,
				4986C7BDEC6BB3C72E01CA98 /* TCP_1 */,
			);
			sourceTree = "<group>";
		};
		4986C7BDEC6BB3C72E01CA98 /* TCP_1 */ = {
			isa = PBXGroup;
			children = (
				4986CB7799CEDC3885C7E40C /* tcp_module.cc */,
				4986CDE01D4D999ACEE5C9D0 /* tcp_mod.cc */,
			);
			path = TCP_1;
			sourceTree = "<group>";
		};
		4986CAE6A310F2EEA6AB0145 /* Products */ = {
			isa = PBXGroup;
			children = (
				4986CDB5881AD14E85F37E0D /* TCP_1 */,
			);
			name = Products;
			sourceTree = "<group>";
		};
/* End PBXGroup section */

/* Begin PBXNativeTarget section */
		4986C5E3AC742CD78330AB84 /* TCP_1 */ = {
			isa = PBXNativeTarget;
			buildConfigurationList = 4986CC17DFC08B6B990A2879 /* Build configuration list for PBXNativeTarget "TCP_1" */;
			buildPhases = (
				4986C8F3DF557BB35A618A24 /* Sources */,
				4986C11921B7F7DD5473C829 /* Frameworks */,
				4986CA5C710DB146300447CF /* CopyFiles */,
			);
			buildRules = (
			);
			dependencies = (
			);
			name = TCP_1;
			productName = TCP_1;
			productReference = 4986CDB5881AD14E85F37E0D /* TCP_1 */;
			productType = "com.apple.product-type.tool";
		};
/* End PBXNativeTarget section */

/* Begin PBXProject section */
		4986C3A35B5C46B0370168CD /* Project object */ = {
			isa = PBXProject;
			attributes = {
				ORGANIZATIONNAME = "___FULLUSERNAME___";
			};
			buildConfigurationList = 4986CFBD3055FC695C84E375 /* Build configuration list for PBXProject "TCP_1" */;
			compatibilityVersion = "Xcode 3.2";
			developmentRegion = English;
			hasScannedForEncodings = 0;
			knownRegions = (
				en,
			);
			mainGroup = 4986C50D0B0A73BA9E0DD919;
			productRefGroup = 4986CAE6A310F2EEA6AB0145 /* Products */;
			projectDirPath = "";
			projectRoot = "";
			targets = (
				4986C5E3AC742CD78330AB84 /* TCP_1 */,
			);
		};
/* End PBXProject section */

/* Begin PBXSourcesBuildPhase section */
		4986C8F3DF557BB35A618A24 /* Sources */ = {
			isa = PBXSourcesBuildPhase;
			buildActionMask = 2147483647;
			files = (
				4986C461A887D60D79433BBB /* tcp_module.cc in Sources */,
				4986CBB23DECF69D50188B91 /* tcp_mod.cc in Sources */,
			);
			runOnlyForDeploymentPostprocessing = 0;
		};
/* End PBXSourcesBuildPhase section */

/* Begin XCBuildConfiguration section */
		4986C34381A3EDA746831356 /* Release */ = {
			isa = XCBuildConfiguration;
			buildSettings = {
				PRODUCT_NAME = "$(TARGET_NAME)";
			};
			name = Release;
		};
		4986C6B02F525227B19BB761 /* Debug */ = {
			isa = XCBuildConfiguration;
			buildSettings = {
				ALWAYS_SEARCH_USER_PATHS = NO;
				CLANG_CXX_LANGUAGE_STANDARD = "gnu++0x";
				CLANG_CXX_LIBRARY = "libc++";
				CLANG_ENABLE_MODULES = YES;
				CLANG_ENABLE_OBJC_ARC = YES;
				CLANG_WARN_BOOL_CONVERSION = YES;
				CLANG_WARN_CONSTANT_CONVERSION = YES;
				CLANG_WARN_DIRECT_OBJC_ISA_USAGE = YES_ERROR;
				CLANG_WARN_EMPTY_BODY = YES;
				CLANG_WARN_ENUM_CONVERSION = YES;
				CLANG_WARN_INT_CONVERSION = YES;
				CLANG_WARN_OBJC_ROOT_CLASS = YES_ERROR;
				CLANG_WARN_UNREACHABLE_CODE = YES;
				CLANG_WARN__DUPLICATE_METHOD_MATCH = YES;
				COPY_PHASE_STRIP = NO;
				ENABLE_STRICT_OBJC_MSGSEND = YES;
				GCC_C_LANGUAGE_STANDARD = gnu99;
				GCC_DYNAMIC_NO_PIC = NO;
				GCC_OPTIMIZATION_LEVEL = 0;
				GCC_PREPROCESSOR_DEFINITIONS = (
					"DEBUG=1",
					"$(inherited)",
				);
				GCC_SYMBOLS_PRIVATE_EXTERN = NO;
				GCC_WARN_64_TO_32_BIT_CONVERSION = YES;
				GCC_WARN_ABOUT_RETURN_TYPE = YES_ERROR;
				GCC_WARN_UNDECLARED_SELECTOR = YES;
				GCC_WARN_UNINITIALIZED_AUTOS = YES_AGGRESSIVE;
				GCC_WARN_UNUSED_FUNCTION = YES;
				GCC_WARN_UNUSED_VARIABLE = YES;
				MACOSX_DEPLOYMENT_TARGET = 10.10;
				MTL_ENABLE_DEBUG_INFO = YES;
				ONLY_ACTIVE_ARCH = YES;
				SDKROOT = macosx;
			};
			name = Debug;
		};
		4986CAA0BFEDB7D65AD8E6F4 /* Debug */ = {
			isa = XCBuildConfiguration;
			buildSettings = {
				PRODUCT_NAME = "$(TARGET_NAME)";
			};
			name = Debug;
		};
		4986CB2406E3F7E42AAF91C5 /* Release */ = {
			isa = XCBuildConfiguration;
			buildSettings = {
				ALWAYS_SEARCH_USER_PATHS = NO;
				CLANG_CXX_LANGUAGE_STANDARD = "gnu++0x";
				CLANG_CXX_LIBRARY = "libc++";
				CLANG_ENABLE_MODULES = YES;
				CLANG_ENABLE_OBJC_ARC = YES;
				CLANG_WARN_BOOL_CONVERSION = YES;
				CLANG_WARN_CONSTANT_CONVERSION = YES;
				CLANG_WARN_DIRECT_OBJC_ISA_USAGE = YES_ERROR;
				CLANG_WARN_EMPTY_BODY = YES;
				CLANG_WARN_ENUM_CONVERSION = YES;
				CLANG_WARN_INT_CONVERSION = YES;
				CLANG_WARN_OBJC_ROOT_CLASS = YES_ERROR;
				CLANG_WARN_UNREACHABLE_CODE = YES;
				CLANG_WARN__DUPLICATE_METHOD_MATCH = YES;
				COPY_PHASE_STRIP = YES;
				DEBUG_INFORMATION_FORMAT = "dwarf-with-dsym";
				ENABLE_NS_ASSERTIONS = NO;
				ENABLE_STRICT_OBJC_MSGSEND = YES;
				GCC_C_LANGUAGE_STANDARD = gnu99;
				GCC_WARN_64_TO_32_BIT_CONVERSION = YES;
				GCC_WARN_ABOUT_RETURN_TYPE = YES_ERROR;
				GCC_WARN_UNDECLARED_SELECTOR = YES;
				GCC_WARN_UNINITIALIZED_AUTOS = YES_AGGRESSIVE;
				GCC_WARN_UNUSED_FUNCTION = YES;
				GCC_WARN_UNUSED_VARIABLE = YES;
				MACOSX_DEPLOYMENT_TARGET = 10.10;
				MTL_ENABLE_DEBUG_INFO = NO;
				SDKROOT = macosx;
			};
			name = Release;
		};
/* End XCBuildConfiguration section */

/* Begin XCConfigurationList section */
		4986CC17DFC08B6B990A2879 /* Build configuration list for PBXNativeTarget "TCP_1" */ = {
			isa = XCConfigurationList;
			buildConfigurations = (
				4986CAA0BFEDB7D65AD8E6F4 /* Debug */,
				4986C34381A3EDA746831356 /* Release */,
			);
			defaultConfigurationIsVisible = 0;
		};
		4986CFBD3055FC695C84E375 /* Build configuration list for PBXProject "TCP_1" */ = {
			isa = XCConfigurationList;
			buildConfigurations = (
				4986C6B02F525227B19BB761 /* Debug */,
				4986CB2406E3F7E42AAF91C5 /* Release */,
			);
			defaultConfigurationIsVisible = 0;
			defaultConfigurationName = Release;
		};
/* End XCConfigurationList section */
	};
	rootObject = 4986C3A35B5C46B0370168CD /* Project object */;
}
